
Microsoft Visual Studio Solution File, Format Version 12.00
# Visual Studio Version 17
VisualStudioVersion = 17.6.33815.320
MinimumVisualStudioVersion = 10.0.40219.1
Project("{9A19103F-16F7-4668-BE54-9A1E7A4F7556}") = "Domain", "Domain\Domain.csproj", "{9553E32C-7296-49D2-AE2E-67BE9E1740E8}"
EndProject
Project("{9A19103F-16F7-4668-BE54-9A1E7A4F7556}") = "Application", "Application\Application.csproj", "{F6C41E2A-5A00-4ED0-843F-A7470139053A}"
EndProject
Project("{9A19103F-16F7-4668-BE54-9A1E7A4F7556}") = "Infastructure", "Infastructure\Infastructure.csproj", "{EBBDCEFE-F254-487C-845D-558FB6723520}"
EndProject
Project("{9A19103F-16F7-4668-BE54-9A1E7A4F7556}") = "Api", "Api\Api.csproj", "{8159E6EC-4693-412C-B406-7A6D3455E5B3}"
EndProject
Project("{FAE04EC0-301F-11D3-BF4B-00C04F79EFBC}") = "UnitTest", "UnitTest\UnitTest.csproj", "{CB28D98E-BAE4-4E8B-8A08-42B8418C90D2}"
EndProject
Global
	GlobalSection(SolutionConfigurationPlatforms) = preSolution
		Debug|Any CPU = Debug|Any CPU
		Release|Any CPU = Release|Any CPU
	EndGlobalSection
	GlobalSection(ProjectConfigurationPlatforms) = postSolution
		{9553E32C-7296-49D2-AE2E-67BE9E1740E8}.Debug|Any CPU.ActiveCfg = Debug|Any CPU
		{9553E32C-7296-49D2-AE2E-67BE9E1740E8}.Debug|Any CPU.Build.0 = Debug|Any CPU
		{9553E32C-7296-49D2-AE2E-67BE9E1740E8}.Release|Any CPU.ActiveCfg = Release|Any CPU
		{9553E32C-7296-49D2-AE2E-67BE9E1740E8}.Release|Any CPU.Build.0 = Release|Any CPU
		{F6C41E2A-5A00-4ED0-843F-A7470139053A}.Debug|Any CPU.ActiveCfg = Debug|Any CPU
		{F6C41E2A-5A00-4ED0-843F-A7470139053A}.Debug|Any CPU.Build.0 = Debug|Any CPU
		{F6C41E2A-5A00-4ED0-843F-A7470139053A}.Release|Any CPU.ActiveCfg = Release|Any CPU
		{F6C41E2A-5A00-4ED0-843F-A7470139053A}.Release|Any CPU.Build.0 = Release|Any CPU
		{EBBDCEFE-F254-487C-845D-558FB6723520}.Debug|Any CPU.ActiveCfg = Debug|Any CPU
		{EBBDCEFE-F254-487C-845D-558FB6723520}.Debug|Any CPU.Build.0 = Debug|Any CPU
		{EBBDCEFE-F254-487C-845D-558FB6723520}.Release|Any CPU.ActiveCfg = Release|Any CPU
		{EBBDCEFE-F254-487C-845D-558FB6723520}.Release|Any CPU.Build.0 = Release|Any CPU
		{8159E6EC-4693-412C-B406-7A6D3455E5B3}.Debug|Any CPU.ActiveCfg = Debug|Any CPU
		{8159E6EC-4693-412C-B406-7A6D3455E5B3}.Debug|Any CPU.Build.0 = Debug|Any CPU
		{8159E6EC-4693-412C-B406-7A6D3455E5B3}.Release|Any CPU.ActiveCfg = Release|Any CPU
		{8159E6EC-4693-412C-B406-7A6D3455E5B3}.Release|Any CPU.Build.0 = Release|Any CPU
		{CB28D98E-BAE4-4E8B-8A08-42B8418C90D2}.Debug|Any CPU.ActiveCfg = Debug|Any CPU
		{CB28D98E-BAE4-4E8B-8A08-42B8418C90D2}.Debug|Any CPU.Build.0 = Debug|Any CPU
		{CB28D98E-BAE4-4E8B-8A08-42B8418C90D2}.Release|Any CPU.ActiveCfg = Release|Any CPU
		{CB28D98E-BAE4-4E8B-8A08-42B8418C90D2}.Release|Any CPU.Build.0 = Release|Any CPU
	EndGlobalSection
	GlobalSection(SolutionProperties) = preSolution
		HideSolutionNode = FALSE
	EndGlobalSection
	GlobalSection(ExtensibilityGlobals) = postSolution
		SolutionGuid = {C8A769E0-149A-4FFD-9E1B-5EBDBEC55683}
	EndGlobalSection
EndGlobal
